
Microsoft Visual Studio Solution File, Format Version 12.00
# Visual Studio 15
VisualStudioVersion = 15.0.28307.779
MinimumVisualStudioVersion = 10.0.40219.1
Project("{FAE04EC0-301F-11D3-BF4B-00C04F79EFBC}") = "Client", "Client\Client.csproj", "{14EEA786-5842-4E85-9BD1-B92C7A015693}"
EndProject
Project("{FAE04EC0-301F-11D3-BF4B-00C04F79EFBC}") = "Server", "Server\Server.csproj", "{134DB21E-B8DB-44D9-A666-5542F0178D0A}"
EndProject
Global
	GlobalSection(SolutionConfigurationPlatforms) = preSolution
		Debug|Any CPU = Debug|Any CPU
		Release|Any CPU = Release|Any CPU
	EndGlobalSection
	GlobalSection(ProjectConfigurationPlatforms) = postSolution
		{14EEA786-5842-4E85-9BD1-B92C7A015693}.Debug|Any CPU.ActiveCfg = Debug|Any CPU
		{14EEA786-5842-4E85-9BD1-B92C7A015693}.Debug|Any CPU.Build.0 = Debug|Any CPU
		{14EEA786-5842-4E85-9BD1-B92C7A015693}.Release|Any CPU.ActiveCfg = Release|Any CPU
		{14EEA786-5842-4E85-9BD1-B92C7A015693}.Release|Any CPU.Build.0 = Release|Any CPU
		{134DB21E-B8DB-44D9-A666-5542F0178D0A}.Debug|Any CPU.ActiveCfg = Debug|Any CPU
		{134DB21E-B8DB-44D9-A666-5542F0178D0A}.Debug|Any CPU.Build.0 = Debug|Any CPU
		{134DB21E-B8DB-44D9-A666-5542F0178D0A}.Release|Any CPU.ActiveCfg = Release|Any CPU
		{134DB21E-B8DB-44D9-A666-5542F0178D0A}.Release|Any CPU.Build.0 = Release|Any CPU
	EndGlobalSection
	GlobalSection(SolutionProperties) = preSolution
		HideSolutionNode = FALSE
	EndGlobalSection
	GlobalSection(ExtensibilityGlobals) = postSolution
		SolutionGuid = {7922172F-7ACF-4865-A5D0-C666686F9781}
	EndGlobalSection
EndGlobal
